
Microsoft Visual Studio Solution File, Format Version 12.00
# Visual Studio Version 16
VisualStudioVersion = 16.0.28803.156
MinimumVisualStudioVersion = 10.0.40219.1
Project("{FAE04EC0-301F-11D3-BF4B-00C04F79EFBC}") = "BasicGenericDictionary", "BasicGenericDictionary\BasicGenericDictionary.csproj", "{C697EB3D-AF4C-499E-9514-3CBB45FB32F2}"
EndProject
Global
	GlobalSection(SolutionConfigurationPlatforms) = preSolution
		Debug|Any CPU = Debug|Any CPU
		Release|Any CPU = Release|Any CPU
	EndGlobalSection
	GlobalSection(ProjectConfigurationPlatforms) = postSolution
		{C697EB3D-AF4C-499E-9514-3CBB45FB32F2}.Debug|Any CPU.ActiveCfg = Debug|Any CPU
		{C697EB3D-AF4C-499E-9514-3CBB45FB32F2}.Debug|Any CPU.Build.0 = Debug|Any CPU
		{C697EB3D-AF4C-499E-9514-3CBB45FB32F2}.Release|Any CPU.ActiveCfg = Release|Any CPU
		{C697EB3D-AF4C-499E-9514-3CBB45FB32F2}.Release|Any CPU.Build.0 = Release|Any CPU
	EndGlobalSection
	GlobalSection(SolutionProperties) = preSolution
		HideSolutionNode = FALSE
	EndGlobalSection
	GlobalSection(ExtensibilityGlobals) = postSolution
		SolutionGuid = {A8EA4A95-0BF5-4B62-B587-E491F6BE6DA6}
	EndGlobalSection
EndGlobal
